// !$*UTF8*$!
{
	archiveVersion = 1;
	classes = {
	};
	objectVersion = 51;
	objects = {

/* Begin PBXBuildFile section */
		1974596F7964B40E9FF20251 /* Pods_followingfllowersTest_followingfllowersTestUITests.framework in Frameworks */ = {isa = PBXBuildFile; fileRef = CA627C4F20EBE01C6CE104C2 /* Pods_followingfllowersTest_followingfllowersTestUITests.framework */; };
		4B8FC6E54EB6626E06432038 /* Pods_followingfllowersTestTests.framework in Frameworks */ = {isa = PBXBuildFile; fileRef = D99AE2037D15CD2BABDCCCB2 /* Pods_followingfllowersTestTests.framework */; };
		73B7214926EB1F5D00D874F7 /* AppDelegate.swift in Sources */ = {isa = PBXBuildFile; fileRef = 73B7214826EB1F5D00D874F7 /* AppDelegate.swift */; };
		73B7214B26EB1F5D00D874F7 /* SceneDelegate.swift in Sources */ = {isa = PBXBuildFile; fileRef = 73B7214A26EB1F5D00D874F7 /* SceneDelegate.swift */; };
		73B7214D26EB1F5D00D874F7 /* ViewController.swift in Sources */ = {isa = PBXBuildFile; fileRef = 73B7214C26EB1F5D00D874F7 /* ViewController.swift */; };
		73B7215026EB1F5D00D874F7 /* Main.storyboard in Resources */ = {isa = PBXBuildFile; fileRef = 73B7214E26EB1F5D00D874F7 /* Main.storyboard */; };
		73B7215226EB1F5F00D874F7 /* Assets.xcassets in Resources */ = {isa = PBXBuildFile; fileRef = 73B7215126EB1F5F00D874F7 /* Assets.xcassets */; };
		73B7215526EB1F5F00D874F7 /* LaunchScreen.storyboard in Resources */ = {isa = PBXBuildFile; fileRef = 73B7215326EB1F5F00D874F7 /* LaunchScreen.storyboard */; };
		73B7216026EB1F5F00D874F7 /* followingfllowersTestTests.swift in Sources */ = {isa = PBXBuildFile; fileRef = 73B7215F26EB1F5F00D874F7 /* followingfllowersTestTests.swift */; };
		73B7216B26EB1F5F00D874F7 /* followingfllowersTestUITests.swift in Sources */ = {isa = PBXBuildFile; fileRef = 73B7216A26EB1F5F00D874F7 /* followingfllowersTestUITests.swift */; };
		73B7217926EB250B00D874F7 /* signup.swift in Sources */ = {isa = PBXBuildFile; fileRef = 73B7217826EB250B00D874F7 /* signup.swift */; };
		73B7217B26EB261000D874F7 /* GoogleService-Info.plist in Resources */ = {isa = PBXBuildFile; fileRef = 73B7217A26EB261000D874F7 /* GoogleService-Info.plist */; };
		73B7217D26EB2A1C00D874F7 /* login.swift in Sources */ = {isa = PBXBuildFile; fileRef = 73B7217C26EB2A1C00D874F7 /* login.swift */; };
		90474F5AF3098BA4BDD90831 /* Pods_followingfllowersTest.framework in Frameworks */ = {isa = PBXBuildFile; fileRef = FC91C68128ABD4F1E732AD8A /* Pods_followingfllowersTest.framework */; };
/* End PBXBuildFile section */

/* Begin PBXContainerItemProxy section */
		73B7215C26EB1F5F00D874F7 /* PBXContainerItemProxy */ = {
			isa = PBXContainerItemProxy;
			containerPortal = 73B7213D26EB1F5D00D874F7 /* Project object */;
			proxyType = 1;
			remoteGlobalIDString = 73B7214426EB1F5D00D874F7;
			remoteInfo = followingfllowersTest;
		};
		73B7216726EB1F5F00D874F7 /* PBXContainerItemProxy */ = {
			isa = PBXContainerItemProxy;
			containerPortal = 73B7213D26EB1F5D00D874F7 /* Project object */;
			proxyType = 1;
			remoteGlobalIDString = 73B7214426EB1F5D00D874F7;
			remoteInfo = followingfllowersTest;
		};
/* End PBXContainerItemProxy section */

/* Begin PBXFileReference section */
		38C45DE66965B0023AA5401F /* Pods-followingfllowersTest-followingfllowersTestUITests.debug.xcconfig */ = {isa = PBXFileReference; includeInIndex = 1; lastKnownFileType = text.xcconfig; name = "Pods-followingfllowersTest-followingfllowersTestUITests.debug.xcconfig"; path = "Target Support Files/Pods-followingfllowersTest-followingfllowersTestUITests/Pods-followingfllowersTest-followingfllowersTestUITests.debug.xcconfig"; sourceTree = "<group>"; };
		43E154D37B1BE1EA673D0118 /* Pods-followingfllowersTestTests.release.xcconfig */ = {isa = PBXFileReference; includeInIndex = 1; lastKnownFileType = text.xcconfig; name = "Pods-followingfllowersTestTests.release.xcconfig"; path = "Target Support Files/Pods-followingfllowersTestTests/Pods-followingfllowersTestTests.release.xcconfig"; sourceTree = "<group>"; };
		685807E1494B444BFB65BDF2 /* Pods-followingfllowersTestTests.debug.xcconfig */ = {isa = PBXFileReference; includeInIndex = 1; lastKnownFileType = text.xcconfig; name = "Pods-followingfllowersTestTests.debug.xcconfig"; path = "Target Support Files/Pods-followingfllowersTestTests/Pods-followingfllowersTestTests.debug.xcconfig"; sourceTree = "<group>"; };
		73B7214526EB1F5D00D874F7 /* followingfllowersTest.app */ = {isa = PBXFileReference; explicitFileType = wrapper.application; includeInIndex = 0; path = followingfllowersTest.app; sourceTree = BUILT_PRODUCTS_DIR; };
		73B7214826EB1F5D00D874F7 /* AppDelegate.swift */ = {isa = PBXFileReference; lastKnownFileType = sourcecode.swift; path = AppDelegate.swift; sourceTree = "<group>"; };
		73B7214A26EB1F5D00D874F7 /* SceneDelegate.swift */ = {isa = PBXFileReference; lastKnownFileType = sourcecode.swift; path = SceneDelegate.swift; sourceTree = "<group>"; };
		73B7214C26EB1F5D00D874F7 /* ViewController.swift */ = {isa = PBXFileReference; lastKnownFileType = sourcecode.swift; path = ViewController.swift; sourceTree = "<group>"; };
		73B7214F26EB1F5D00D874F7 /* Base */ = {isa = PBXFileReference; lastKnownFileType = file.storyboard; name = Base; path = Base.lproj/Main.storyboard; sourceTree = "<group>"; };
		73B7215126EB1F5F00D874F7 /* Assets.xcassets */ = {isa = PBXFileReference; lastKnownFileType = folder.assetcatalog; path = Assets.xcassets; sourceTree = "<group>"; };
		73B7215426EB1F5F00D874F7 /* Base */ = {isa = PBXFileReference; lastKnownFileType = file.storyboard; name = Base; path = Base.lproj/LaunchScreen.storyboard; sourceTree = "<group>"; };
		73B7215626EB1F5F00D874F7 /* Info.plist */ = {isa = PBXFileReference; lastKnownFileType = text.plist.xml; path = Info.plist; sourceTree = "<group>"; };
		73B7215B26EB1F5F00D874F7 /* followingfllowersTestTests.xctest */ = {isa = PBXFileReference; explicitFileType = wrapper.cfbundle; includeInIndex = 0; path = followingfllowersTestTests.xctest; sourceTree = BUILT_PRODUCTS_DIR; };
		73B7215F26EB1F5F00D874F7 /* followingfllowersTestTests.swift */ = {isa = PBXFileReference; lastKnownFileType = sourcecode.swift; path = followingfllowersTestTests.swift; sourceTree = "<group>"; };
		73B7216126EB1F5F00D874F7 /* Info.plist */ = {isa = PBXFileReference; lastKnownFileType = text.plist.xml; path = Info.plist; sourceTree = "<group>"; };
		73B7216626EB1F5F00D874F7 /* followingfllowersTestUITests.xctest */ = {isa = PBXFileReference; explicitFileType = wrapper.cfbundle; includeInIndex = 0; path = followingfllowersTestUITests.xctest; sourceTree = BUILT_PRODUCTS_DIR; };
		73B7216A26EB1F5F00D874F7 /* followingfllowersTestUITests.swift */ = {isa = PBXFileReference; lastKnownFileType = sourcecode.swift; path = followingfllowersTestUITests.swift; sourceTree = "<group>"; };
		73B7216C26EB1F5F00D874F7 /* Info.plist */ = {isa = PBXFileReference; lastKnownFileType = text.plist.xml; path = Info.plist; sourceTree = "<group>"; };
		73B7217826EB250B00D874F7 /* signup.swift */ = {isa = PBXFileReference; lastKnownFileType = sourcecode.swift; path = signup.swift; sourceTree = "<group>"; };
		73B7217A26EB261000D874F7 /* GoogleService-Info.plist */ = {isa = PBXFileReference; fileEncoding = 4; lastKnownFileType = text.plist.xml; path = "GoogleService-Info.plist"; sourceTree = "<group>"; };
		73B7217C26EB2A1C00D874F7 /* login.swift */ = {isa = PBXFileReference; lastKnownFileType = sourcecode.swift; path = login.swift; sourceTree = "<group>"; };
		910ECDA6428EF6D7BED7FC7C /* Pods-followingfllowersTest.release.xcconfig */ = {isa = PBXFileReference; includeInIndex = 1; lastKnownFileType = text.xcconfig; name = "Pods-followingfllowersTest.release.xcconfig"; path = "Target Support Files/Pods-followingfllowersTest/Pods-followingfllowersTest.release.xcconfig"; sourceTree = "<group>"; };
		980E1D6F2C34602D027F0829 /* Pods-followingfllowersTest.debug.xcconfig */ = {isa = PBXFileReference; includeInIndex = 1; lastKnownFileType = text.xcconfig; name = "Pods-followingfllowersTest.debug.xcconfig"; path = "Target Support Files/Pods-followingfllowersTest/Pods-followingfllowersTest.debug.xcconfig"; sourceTree = "<group>"; };
		CA627C4F20EBE01C6CE104C2 /* Pods_followingfllowersTest_followingfllowersTestUITests.framework */ = {isa = PBXFileReference; explicitFileType = wrapper.framework; includeInIndex = 0; path = Pods_followingfllowersTest_followingfllowersTestUITests.framework; sourceTree = BUILT_PRODUCTS_DIR; };
		D99AE2037D15CD2BABDCCCB2 /* Pods_followingfllowersTestTests.framework */ = {isa = PBXFileReference; explicitFileType = wrapper.framework; includeInIndex = 0; path = Pods_followingfllowersTestTests.framework; sourceTree = BUILT_PRODUCTS_DIR; };
		DEB59C562D7B8C76266A1CA1 /* Pods-followingfllowersTest-followingfllowersTestUITests.release.xcconfig */ = {isa = PBXFileReference; includeInIndex = 1; lastKnownFileType = text.xcconfig; name = "Pods-followingfllowersTest-followingfllowersTestUITests.release.xcconfig"; path = "Target Support Files/Pods-followingfllowersTest-followingfllowersTestUITests/Pods-followingfllowersTest-followingfllowersTestUITests.release.xcconfig"; sourceTree = "<group>"; };
		FC91C68128ABD4F1E732AD8A /* Pods_followingfllowersTest.framework */ = {isa = PBXFileReference; explicitFileType = wrapper.framework; includeInIndex = 0; path = Pods_followingfllowersTest.framework; sourceTree = BUILT_PRODUCTS_DIR; };
/* End PBXFileReference section */

/* Begin PBXFrameworksBuildPhase section */
		73B7214226EB1F5D00D874F7 /* Frameworks */ = {
			isa = PBXFrameworksBuildPhase;
			buildActionMask = 2147483647;
			files = (
				90474F5AF3098BA4BDD90831 /* Pods_followingfllowersTest.framework in Frameworks */,
			);
			runOnlyForDeploymentPostprocessing = 0;
		};
		73B7215826EB1F5F00D874F7 /* Frameworks */ = {
			isa = PBXFrameworksBuildPhase;
			buildActionMask = 2147483647;
			files = (
				4B8FC6E54EB6626E06432038 /* Pods_followingfllowersTestTests.framework in Frameworks */,
			);
			runOnlyForDeploymentPostprocessing = 0;
		};
		73B7216326EB1F5F00D874F7 /* Frameworks */ = {
			isa = PBXFrameworksBuildPhase;
			buildActionMask = 2147483647;
			files = (
				1974596F7964B40E9FF20251 /* Pods_followingfllowersTest_followingfllowersTestUITests.framework in Frameworks */,
			);
			runOnlyForDeploymentPostprocessing = 0;
		};
/* End PBXFrameworksBuildPhase section */

/* Begin PBXGroup section */
		0D029D92084A1402F56451BA /* Pods */ = {
			isa = PBXGroup;
			children = (
				980E1D6F2C34602D027F0829 /* Pods-followingfllowersTest.debug.xcconfig */,
				910ECDA6428EF6D7BED7FC7C /* Pods-followingfllowersTest.release.xcconfig */,
				38C45DE66965B0023AA5401F /* Pods-followingfllowersTest-followingfllowersTestUITests.debug.xcconfig */,
				DEB59C562D7B8C76266A1CA1 /* Pods-followingfllowersTest-followingfllowersTestUITests.release.xcconfig */,
				685807E1494B444BFB65BDF2 /* Pods-followingfllowersTestTests.debug.xcconfig */,
				43E154D37B1BE1EA673D0118 /* Pods-followingfllowersTestTests.release.xcconfig */,
			);
			path = Pods;
			sourceTree = "<group>";
		};
		22B3F91F4A66FB0DCD296310 /* Frameworks */ = {
			isa = PBXGroup;
			children = (
				FC91C68128ABD4F1E732AD8A /* Pods_followingfllowersTest.framework */,
				CA627C4F20EBE01C6CE104C2 /* Pods_followingfllowersTest_followingfllowersTestUITests.framework */,
				D99AE2037D15CD2BABDCCCB2 /* Pods_followingfllowersTestTests.framework */,
			);
			name = Frameworks;
			sourceTree = "<group>";
		};
		73B7213C26EB1F5D00D874F7 = {
			isa = PBXGroup;
			children = (
				73B7214726EB1F5D00D874F7 /* followingfllowersTest */,
				73B7215E26EB1F5F00D874F7 /* followingfllowersTestTests */,
				73B7216926EB1F5F00D874F7 /* followingfllowersTestUITests */,
				73B7214626EB1F5D00D874F7 /* Products */,
				0D029D92084A1402F56451BA /* Pods */,
				22B3F91F4A66FB0DCD296310 /* Frameworks */,
			);
			sourceTree = "<group>";
		};
		73B7214626EB1F5D00D874F7 /* Products */ = {
			isa = PBXGroup;
			children = (
				73B7214526EB1F5D00D874F7 /* followingfllowersTest.app */,
				73B7215B26EB1F5F00D874F7 /* followingfllowersTestTests.xctest */,
				73B7216626EB1F5F00D874F7 /* followingfllowersTestUITests.xctest */,
			);
			name = Products;
			sourceTree = "<group>";
		};
		73B7214726EB1F5D00D874F7 /* followingfllowersTest */ = {
			isa = PBXGroup;
			children = (
				73B7214826EB1F5D00D874F7 /* AppDelegate.swift */,
				73B7214A26EB1F5D00D874F7 /* SceneDelegate.swift */,
				73B7217826EB250B00D874F7 /* signup.swift */,
				73B7214C26EB1F5D00D874F7 /* ViewController.swift */,
				73B7214E26EB1F5D00D874F7 /* Main.storyboard */,
				73B7215126EB1F5F00D874F7 /* Assets.xcassets */,
				73B7217A26EB261000D874F7 /* GoogleService-Info.plist */,
				73B7215326EB1F5F00D874F7 /* LaunchScreen.storyboard */,
				73B7217C26EB2A1C00D874F7 /* login.swift */,
				73B7215626EB1F5F00D874F7 /* Info.plist */,
			);
			path = followingfllowersTest;
			sourceTree = "<group>";
		};
		73B7215E26EB1F5F00D874F7 /* followingfllowersTestTests */ = {
			isa = PBXGroup;
			children = (
				73B7215F26EB1F5F00D874F7 /* followingfllowersTestTests.swift */,
				73B7216126EB1F5F00D874F7 /* Info.plist */,
			);
			path = followingfllowersTestTests;
			sourceTree = "<group>";
		};
		73B7216926EB1F5F00D874F7 /* followingfllowersTestUITests */ = {
			isa = PBXGroup;
			children = (
				73B7216A26EB1F5F00D874F7 /* followingfllowersTestUITests.swift */,
				73B7216C26EB1F5F00D874F7 /* Info.plist */,
			);
			path = followingfllowersTestUITests;
			sourceTree = "<group>";
		};
/* End PBXGroup section */

/* Begin PBXNativeTarget section */
		73B7214426EB1F5D00D874F7 /* followingfllowersTest */ = {
			isa = PBXNativeTarget;
			buildConfigurationList = 73B7216F26EB1F5F00D874F7 /* Build configuration list for PBXNativeTarget "followingfllowersTest" */;
			buildPhases = (
				4B99C02CB472777C5B31DB4B /* [CP] Check Pods Manifest.lock */,
				73B7214126EB1F5D00D874F7 /* Sources */,
				73B7214226EB1F5D00D874F7 /* Frameworks */,
				73B7214326EB1F5D00D874F7 /* Resources */,
				58E3BD24B962D6FA4EF8C931 /* [CP] Embed Pods Frameworks */,
			);
			buildRules = (
			);
			dependencies = (
			);
			name = followingfllowersTest;
			productName = followingfllowersTest;
			productReference = 73B7214526EB1F5D00D874F7 /* followingfllowersTest.app */;
			productType = "com.apple.product-type.application";
		};
		73B7215A26EB1F5F00D874F7 /* followingfllowersTestTests */ = {
			isa = PBXNativeTarget;
			buildConfigurationList = 73B7217226EB1F5F00D874F7 /* Build configuration list for PBXNativeTarget "followingfllowersTestTests" */;
			buildPhases = (
				CF61376131F7630BF7BAC3AB /* [CP] Check Pods Manifest.lock */,
				73B7215726EB1F5F00D874F7 /* Sources */,
				73B7215826EB1F5F00D874F7 /* Frameworks */,
				73B7215926EB1F5F00D874F7 /* Resources */,
			);
			buildRules = (
			);
			dependencies = (
				73B7215D26EB1F5F00D874F7 /* PBXTargetDependency */,
			);
			name = followingfllowersTestTests;
			productName = followingfllowersTestTests;
			productReference = 73B7215B26EB1F5F00D874F7 /* followingfllowersTestTests.xctest */;
			productType = "com.apple.product-type.bundle.unit-test";
		};
		73B7216526EB1F5F00D874F7 /* followingfllowersTestUITests */ = {
			isa = PBXNativeTarget;
			buildConfigurationList = 73B7217526EB1F5F00D874F7 /* Build configuration list for PBXNativeTarget "followingfllowersTestUITests" */;
			buildPhases = (
				0CD545FBFFDEFCF0E10B9BAB /* [CP] Check Pods Manifest.lock */,
				73B7216226EB1F5F00D874F7 /* Sources */,
				73B7216326EB1F5F00D874F7 /* Frameworks */,
				73B7216426EB1F5F00D874F7 /* Resources */,
				99768E854BBF307532853ED1 /* [CP] Embed Pods Frameworks */,
			);
			buildRules = (
			);
			dependencies = (
				73B7216826EB1F5F00D874F7 /* PBXTargetDependency */,
			);
			name = followingfllowersTestUITests;
			productName = followingfllowersTestUITests;
			productReference = 73B7216626EB1F5F00D874F7 /* followingfllowersTestUITests.xctest */;
			productType = "com.apple.product-type.bundle.ui-testing";
		};
/* End PBXNativeTarget section */

/* Begin PBXProject section */
		73B7213D26EB1F5D00D874F7 /* Project object */ = {
			isa = PBXProject;
			attributes = {
				LastSwiftUpdateCheck = 1250;
				LastUpgradeCheck = 1250;
				TargetAttributes = {
					73B7214426EB1F5D00D874F7 = {
						CreatedOnToolsVersion = 12.5.1;
					};
					73B7215A26EB1F5F00D874F7 = {
						CreatedOnToolsVersion = 12.5.1;
						TestTargetID = 73B7214426EB1F5D00D874F7;
					};
					73B7216526EB1F5F00D874F7 = {
						CreatedOnToolsVersion = 12.5.1;
						TestTargetID = 73B7214426EB1F5D00D874F7;
					};
				};
			};
			buildConfigurationList = 73B7214026EB1F5D00D874F7 /* Build configuration list for PBXProject "followingfllowersTest" */;
			compatibilityVersion = "Xcode 9.3";
			developmentRegion = en;
			hasScannedForEncodings = 0;
			knownRegions = (
				en,
				Base,
			);
			mainGroup = 73B7213C26EB1F5D00D874F7;
			productRefGroup = 73B7214626EB1F5D00D874F7 /* Products */;
			projectDirPath = "";
			projectRoot = "";
			targets = (
				73B7214426EB1F5D00D874F7 /* followingfllowersTest */,
				73B7215A26EB1F5F00D874F7 /* followingfllowersTestTests */,
				73B7216526EB1F5F00D874F7 /* followingfllowersTestUITests */,
			);
		};
/* End PBXProject section */

/* Begin PBXResourcesBuildPhase section */
		73B7214326EB1F5D00D874F7 /* Resources */ = {
			isa = PBXResourcesBuildPhase;
			buildActionMask = 2147483647;
			files = (
				73B7215526EB1F5F00D874F7 /* LaunchScreen.storyboard in Resources */,
				73B7215226EB1F5F00D874F7 /* Assets.xcassets in Resources */,
				73B7217B26EB261000D874F7 /* GoogleService-Info.plist in Resources */,
				73B7215026EB1F5D00D874F7 /* Main.storyboard in Resources */,
			);
			runOnlyForDeploymentPostprocessing = 0;
		};
		73B7215926EB1F5F00D874F7 /* Resources */ = {
			isa = PBXResourcesBuildPhase;
			buildActionMask = 2147483647;
			files = (
			);
			runOnlyForDeploymentPostprocessing = 0;
		};
		73B7216426EB1F5F00D874F7 /* Resources */ = {
			isa = PBXResourcesBuildPhase;
			buildActionMask = 2147483647;
			files = (
			);
			runOnlyForDeploymentPostprocessing = 0;
		};
/* End PBXResourcesBuildPhase section */

/* Begin PBXShellScriptBuildPhase section */
		0CD545FBFFDEFCF0E10B9BAB /* [CP] Check Pods Manifest.lock */ = {
			isa = PBXShellScriptBuildPhase;
			buildActionMask = 2147483647;
			files = (
			);
			inputFileListPaths = (
			);
			inputPaths = (
				"${PODS_PODFILE_DIR_PATH}/Podfile.lock",
				"${PODS_ROOT}/Manifest.lock",
			);
			name = "[CP] Check Pods Manifest.lock";
			outputFileListPaths = (
			);
			outputPaths = (
				"$(DERIVED_FILE_DIR)/Pods-followingfllowersTest-followingfllowersTestUITests-checkManifestLockResult.txt",
			);
			runOnlyForDeploymentPostprocessing = 0;
			shellPath = /bin/sh;
			shellScript = "diff \"${PODS_PODFILE_DIR_PATH}/Podfile.lock\" \"${PODS_ROOT}/Manifest.lock\" > /dev/null\nif [ $? != 0 ] ; then\n    # print error to STDERR\n    echo \"error: The sandbox is not in sync with the Podfile.lock. Run 'pod install' or update your CocoaPods installation.\" >&2\n    exit 1\nfi\n# This output is used by Xcode 'outputs' to avoid re-running this script phase.\necho \"SUCCESS\" > \"${SCRIPT_OUTPUT_FILE_0}\"\n";
			showEnvVarsInLog = 0;
		};
		4B99C02CB472777C5B31DB4B /* [CP] Check Pods Manifest.lock */ = {
			isa = PBXShellScriptBuildPhase;
			buildActionMask = 2147483647;
			files = (
			);
			inputFileListPaths = (
			);
			inputPaths = (
				"${PODS_PODFILE_DIR_PATH}/Podfile.lock",
				"${PODS_ROOT}/Manifest.lock",
			);
			name = "[CP] Check Pods Manifest.lock";
			outputFileListPaths = (
			);
			outputPaths = (
				"$(DERIVED_FILE_DIR)/Pods-followingfllowersTest-checkManifestLockResult.txt",
			);
			runOnlyForDeploymentPostprocessing = 0;
			shellPath = /bin/sh;
			shellScript = "diff \"${PODS_PODFILE_DIR_PATH}/Podfile.lock\" \"${PODS_ROOT}/Manifest.lock\" > /dev/null\nif [ $? != 0 ] ; then\n    # print error to STDERR\n    echo \"error: The sandbox is not in sync with the Podfile.lock. Run 'pod install' or update your CocoaPods installation.\" >&2\n    exit 1\nfi\n# This output is used by Xcode 'outputs' to avoid re-running this script phase.\necho \"SUCCESS\" > \"${SCRIPT_OUTPUT_FILE_0}\"\n";
			showEnvVarsInLog = 0;
		};
		58E3BD24B962D6FA4EF8C931 /* [CP] Embed Pods Frameworks */ = {
			isa = PBXShellScriptBuildPhase;
			buildActionMask = 2147483647;
			files = (
			);
			inputFileListPaths = (
				"${PODS_ROOT}/Target Support Files/Pods-followingfllowersTest/Pods-followingfllowersTest-frameworks-${CONFIGURATION}-input-files.xcfilelist",
			);
			name = "[CP] Embed Pods Frameworks";
			outputFileListPaths = (
				"${PODS_ROOT}/Target Support Files/Pods-followingfllowersTest/Pods-followingfllowersTest-frameworks-${CONFIGURATION}-output-files.xcfilelist",
			);
			runOnlyForDeploymentPostprocessing = 0;
			shellPath = /bin/sh;
			shellScript = "\"${PODS_ROOT}/Target Support Files/Pods-followingfllowersTest/Pods-followingfllowersTest-frameworks.sh\"\n";
			showEnvVarsInLog = 0;
		};
		99768E854BBF307532853ED1 /* [CP] Embed Pods Frameworks */ = {
			isa = PBXShellScriptBuildPhase;
			buildActionMask = 2147483647;
			files = (
			);
			inputFileListPaths = (
				"${PODS_ROOT}/Target Support Files/Pods-followingfllowersTest-followingfllowersTestUITests/Pods-followingfllowersTest-followingfllowersTestUITests-frameworks-${CONFIGURATION}-input-files.xcfilelist",
			);
			name = "[CP] Embed Pods Frameworks";
			outputFileListPaths = (
				"${PODS_ROOT}/Target Support Files/Pods-followingfllowersTest-followingfllowersTestUITests/Pods-followingfllowersTest-followingfllowersTestUITests-frameworks-${CONFIGURATION}-output-files.xcfilelist",
			);
			runOnlyForDeploymentPostprocessing = 0;
			shellPath = /bin/sh;
			shellScript = "\"${PODS_ROOT}/Target Support Files/Pods-followingfllowersTest-followingfllowersTestUITests/Pods-followingfllowersTest-followingfllowersTestUITests-frameworks.sh\"\n";
			showEnvVarsInLog = 0;
		};
		CF61376131F7630BF7BAC3AB /* [CP] Check Pods Manifest.lock */ = {
			isa = PBXShellScriptBuildPhase;
			buildActionMask = 2147483647;
			files = (
			);
			inputFileListPaths = (
			);
			inputPaths = (
				"${PODS_PODFILE_DIR_PATH}/Podfile.lock",
				"${PODS_ROOT}/Manifest.lock",
			);
			name = "[CP] Check Pods Manifest.lock";
			outputFileListPaths = (
			);
			outputPaths = (
				"$(DERIVED_FILE_DIR)/Pods-followingfllowersTestTests-checkManifestLockResult.txt",
			);
			runOnlyForDeploymentPostprocessing = 0;
			shellPath = /bin/sh;
			shellScript = "diff \"${PODS_PODFILE_DIR_PATH}/Podfile.lock\" \"${PODS_ROOT}/Manifest.lock\" > /dev/null\nif [ $? != 0 ] ; then\n    # print error to STDERR\n    echo \"error: The sandbox is not in sync with the Podfile.lock. Run 'pod install' or update your CocoaPods installation.\" >&2\n    exit 1\nfi\n# This output is used by Xcode 'outputs' to avoid re-running this script phase.\necho \"SUCCESS\" > \"${SCRIPT_OUTPUT_FILE_0}\"\n";
			showEnvVarsInLog = 0;
		};
/* End PBXShellScriptBuildPhase section */

/* Begin PBXSourcesBuildPhase section */
		73B7214126EB1F5D00D874F7 /* Sources */ = {
			isa = PBXSourcesBuildPhase;
			buildActionMask = 2147483647;
			files = (
				73B7214D26EB1F5D00D874F7 /* ViewController.swift in Sources */,
				73B7217D26EB2A1C00D874F7 /* login.swift in Sources */,
				73B7217926EB250B00D874F7 /* signup.swift in Sources */,
				73B7214926EB1F5D00D874F7 /* AppDelegate.swift in Sources */,
				73B7214B26EB1F5D00D874F7 /* SceneDelegate.swift in Sources */,
			);
			runOnlyForDeploymentPostprocessing = 0;
		};
		73B7215726EB1F5F00D874F7 /* Sources */ = {
			isa = PBXSourcesBuildPhase;
			buildActionMask = 2147483647;
			files = (
				73B7216026EB1F5F00D874F7 /* followingfllowersTestTests.swift in Sources */,
			);
			runOnlyForDeploymentPostprocessing = 0;
		};
		73B7216226EB1F5F00D874F7 /* Sources */ = {
			isa = PBXSourcesBuildPhase;
			buildActionMask = 2147483647;
			files = (
				73B7216B26EB1F5F00D874F7 /* followingfllowersTestUITests.swift in Sources */,
			);
			runOnlyForDeploymentPostprocessing = 0;
		};
/* End PBXSourcesBuildPhase section */

/* Begin PBXTargetDependency section */
		73B7215D26EB1F5F00D874F7 /* PBXTargetDependency */ = {
			isa = PBXTargetDependency;
			target = 73B7214426EB1F5D00D874F7 /* followingfllowersTest */;
			targetProxy = 73B7215C26EB1F5F00D874F7 /* PBXContainerItemProxy */;
		};
		73B7216826EB1F5F00D874F7 /* PBXTargetDependency */ = {
			isa = PBXTargetDependency;
			target = 73B7214426EB1F5D00D874F7 /* followingfllowersTest */;
			targetProxy = 73B7216726EB1F5F00D874F7 /* PBXContainerItemProxy */;
		};
/* End PBXTargetDependency section */

/* Begin PBXVariantGroup section */
		73B7214E26EB1F5D00D874F7 /* Main.storyboard */ = {
			isa = PBXVariantGroup;
			children = (
				73B7214F26EB1F5D00D874F7 /* Base */,
			);
			name = Main.storyboard;
			sourceTree = "<group>";
		};
		73B7215326EB1F5F00D874F7 /* LaunchScreen.storyboard */ = {
			isa = PBXVariantGroup;
			children = (
				73B7215426EB1F5F00D874F7 /* Base */,
			);
			name = LaunchScreen.storyboard;
			sourceTree = "<group>";
		};
/* End PBXVariantGroup section */

/* Begin XCBuildConfiguration section */
		73B7216D26EB1F5F00D874F7 /* Debug */ = {
			isa = XCBuildConfiguration;
			buildSettings = {
				ALWAYS_SEARCH_USER_PATHS = NO;
				CLANG_ANALYZER_NONNULL = YES;
				CLANG_ANALYZER_NUMBER_OBJECT_CONVERSION = YES_AGGRESSIVE;
				CLANG_CXX_LANGUAGE_STANDARD = "gnu++14";
				CLANG_CXX_LIBRARY = "libc++";
				CLANG_ENABLE_MODULES = YES;
				CLANG_ENABLE_OBJC_ARC = YES;
				CLANG_ENABLE_OBJC_WEAK = YES;
				CLANG_WARN_BLOCK_CAPTURE_AUTORELEASING = YES;
				CLANG_WARN_BOOL_CONVERSION = YES;
				CLANG_WARN_COMMA = YES;
				CLANG_WARN_CONSTANT_CONVERSION = YES;
				CLANG_WARN_DEPRECATED_OBJC_IMPLEMENTATIONS = YES;
				CLANG_WARN_DIRECT_OBJC_ISA_USAGE = YES_ERROR;
				CLANG_WARN_DOCUMENTATION_COMMENTS = YES;
				CLANG_WARN_EMPTY_BODY = YES;
				CLANG_WARN_ENUM_CONVERSION = YES;
				CLANG_WARN_INFINITE_RECURSION = YES;
				CLANG_WARN_INT_CONVERSION = YES;
				CLANG_WARN_NON_LITERAL_NULL_CONVERSION = YES;
				CLANG_WARN_OBJC_IMPLICIT_RETAIN_SELF = YES;
				CLANG_WARN_OBJC_LITERAL_CONVERSION = YES;
				CLANG_WARN_OBJC_ROOT_CLASS = YES_ERROR;
				CLANG_WARN_QUOTED_INCLUDE_IN_FRAMEWORK_HEADER = YES;
				CLANG_WARN_RANGE_LOOP_ANALYSIS = YES;
				CLANG_WARN_STRICT_PROTOTYPES = YES;
				CLANG_WARN_SUSPICIOUS_MOVE = YES;
				CLANG_WARN_UNGUARDED_AVAILABILITY = YES_AGGRESSIVE;
				CLANG_WARN_UNREACHABLE_CODE = YES;
				CLANG_WARN__DUPLICATE_METHOD_MATCH = YES;
				COPY_PHASE_STRIP = NO;
				DEBUG_INFORMATION_FORMAT = dwarf;
				ENABLE_STRICT_OBJC_MSGSEND = YES;
				ENABLE_TESTABILITY = YES;
				GCC_C_LANGUAGE_STANDARD = gnu11;
				GCC_DYNAMIC_NO_PIC = NO;
				GCC_NO_COMMON_BLOCKS = YES;
				GCC_OPTIMIZATION_LEVEL = 0;
				GCC_PREPROCESSOR_DEFINITIONS = (
					"DEBUG=1",
					"$(inherited)",
				);
				GCC_WARN_64_TO_32_BIT_CONVERSION = YES;
				GCC_WARN_ABOUT_RETURN_TYPE = YES_ERROR;
				GCC_WARN_UNDECLARED_SELECTOR = YES;
				GCC_WARN_UNINITIALIZED_AUTOS = YES_AGGRESSIVE;
				GCC_WARN_UNUSED_FUNCTION = YES;
				GCC_WARN_UNUSED_VARIABLE = YES;
				IPHONEOS_DEPLOYMENT_TARGET = 14.5;
				MTL_ENABLE_DEBUG_INFO = INCLUDE_SOURCE;
				MTL_FAST_MATH = YES;
				ONLY_ACTIVE_ARCH = YES;
				SDKROOT = iphoneos;
				SWIFT_ACTIVE_COMPILATION_CONDITIONS = DEBUG;
				SWIFT_OPTIMIZATION_LEVEL = "-Onone";
			};
			name = Debug;
		};
		73B7216E26EB1F5F00D874F7 /* Release */ = {
			isa = XCBuildConfiguration;
			buildSettings = {
				ALWAYS_SEARCH_USER_PATHS = NO;
				CLANG_ANALYZER_NONNULL = YES;
				CLANG_ANALYZER_NUMBER_OBJECT_CONVERSION = YES_AGGRESSIVE;
				CLANG_CXX_LANGUAGE_STANDARD = "gnu++14";
				CLANG_CXX_LIBRARY = "libc++";
				CLANG_ENABLE_MODULES = YES;
				CLANG_ENABLE_OBJC_ARC = YES;
				CLANG_ENABLE_OBJC_WEAK = YES;
				CLANG_WARN_BLOCK_CAPTURE_AUTORELEASING = YES;
				CLANG_WARN_BOOL_CONVERSION = YES;
				CLANG_WARN_COMMA = YES;
				CLANG_WARN_CONSTANT_CONVERSION = YES;
				CLANG_WARN_DEPRECATED_OBJC_IMPLEMENTATIONS = YES;
				CLANG_WARN_DIRECT_OBJC_ISA_USAGE = YES_ERROR;
				CLANG_WARN_DOCUMENTATION_COMMENTS = YES;
				CLANG_WARN_EMPTY_BODY = YES;
				CLANG_WARN_ENUM_CONVERSION = YES;
				CLANG_WARN_INFINITE_RECURSION = YES;
				CLANG_WARN_INT_CONVERSION = YES;
				CLANG_WARN_NON_LITERAL_NULL_CONVERSION = YES;
				CLANG_WARN_OBJC_IMPLICIT_RETAIN_SELF = YES;
				CLANG_WARN_OBJC_LITERAL_CONVERSION = YES;
				CLANG_WARN_OBJC_ROOT_CLASS = YES_ERROR;
				CLANG_WARN_QUOTED_INCLUDE_IN_FRAMEWORK_HEADER = YES;
				CLANG_WARN_RANGE_LOOP_ANALYSIS = YES;
				CLANG_WARN_STRICT_PROTOTYPES = YES;
				CLANG_WARN_SUSPICIOUS_MOVE = YES;
				CLANG_WARN_UNGUARDED_AVAILABILITY = YES_AGGRESSIVE;
				CLANG_WARN_UNREACHABLE_CODE = YES;
				CLANG_WARN__DUPLICATE_METHOD_MATCH = YES;
				COPY_PHASE_STRIP = NO;
				DEBUG_INFORMATION_FORMAT = "dwarf-with-dsym";
				ENABLE_NS_ASSERTIONS = NO;
				ENABLE_STRICT_OBJC_MSGSEND = YES;
				GCC_C_LANGUAGE_STANDARD = gnu11;
				GCC_NO_COMMON_BLOCKS = YES;
				GCC_WARN_64_TO_32_BIT_CONVERSION = YES;
				GCC_WARN_ABOUT_RETURN_TYPE = YES_ERROR;
				GCC_WARN_UNDECLARED_SELECTOR = YES;
				GCC_WARN_UNINITIALIZED_AUTOS = YES_AGGRESSIVE;
				GCC_WARN_UNUSED_FUNCTION = YES;
				GCC_WARN_UNUSED_VARIABLE = YES;
				IPHONEOS_DEPLOYMENT_TARGET = 14.5;
				MTL_ENABLE_DEBUG_INFO = NO;
				MTL_FAST_MATH = YES;
				SDKROOT = iphoneos;
				SWIFT_COMPILATION_MODE = wholemodule;
				SWIFT_OPTIMIZATION_LEVEL = "-O";
				VALIDATE_PRODUCT = YES;
			};
			name = Release;
		};
		73B7217026EB1F5F00D874F7 /* Debug */ = {
			isa = XCBuildConfiguration;
			baseConfigurationReference = 980E1D6F2C34602D027F0829 /* Pods-followingfllowersTest.debug.xcconfig */;
			buildSettings = {
				ASSETCATALOG_COMPILER_APPICON_NAME = AppIcon;
				ASSETCATALOG_COMPILER_GLOBAL_ACCENT_COLOR_NAME = AccentColor;
				CODE_SIGN_STYLE = Automatic;
				DEVELOPMENT_TEAM = VNAV5S2KU6;
				INFOPLIST_FILE = followingfllowersTest/Info.plist;
				LD_RUNPATH_SEARCH_PATHS = (
					"$(inherited)",
					"@executable_path/Frameworks",
				);
				PRODUCT_BUNDLE_IDENTIFIER = kazuyasasakura.followingfllowersTest;
				PRODUCT_NAME = "$(TARGET_NAME)";
				SWIFT_VERSION = 5.0;
				TARGETED_DEVICE_FAMILY = "1,2";
			};
			name = Debug;
		};
		73B7217126EB1F5F00D874F7 /* Release */ = {
			isa = XCBuildConfiguration;
			baseConfigurationReference = 910ECDA6428EF6D7BED7FC7C /* Pods-followingfllowersTest.release.xcconfig */;
			buildSettings = {
				ASSETCATALOG_COMPILER_APPICON_NAME = AppIcon;
				ASSETCATALOG_COMPILER_GLOBAL_ACCENT_COLOR_NAME = AccentColor;
				CODE_SIGN_STYLE = Automatic;
				DEVELOPMENT_TEAM = VNAV5S2KU6;
				INFOPLIST_FILE = followingfllowersTest/Info.plist;
				LD_RUNPATH_SEARCH_PATHS = (
					"$(inherited)",
					"@executable_path/Frameworks",
				);
				PRODUCT_BUNDLE_IDENTIFIER = kazuyasasakura.followingfllowersTest;
				PRODUCT_NAME = "$(TARGET_NAME)";
				SWIFT_VERSION = 5.0;
				TARGETED_DEVICE_FAMILY = "1,2";
			};
			name = Release;
		};
		73B7217326EB1F5F00D874F7 /* Debug */ = {
			isa = XCBuildConfiguration;
			baseConfigurationReference = 685807E1494B444BFB65BDF2 /* Pods-followingfllowersTestTests.debug.xcconfig */;
			buildSettings = {
				ALWAYS_EMBED_SWIFT_STANDARD_LIBRARIES = YES;
				BUNDLE_LOADER = "$(TEST_HOST)";
				CODE_SIGN_STYLE = Automatic;
				DEVELOPMENT_TEAM = VNAV5S2KU6;
				INFOPLIST_FILE = followingfllowersTestTests/Info.plist;
				IPHONEOS_DEPLOYMENT_TARGET = 14.5;
				LD_RUNPATH_SEARCH_PATHS = (
					"$(inherited)",
					"@executable_path/Frameworks",
					"@loader_path/Frameworks",
				);
				PRODUCT_BUNDLE_IDENTIFIER = kazuyasasakura.followingfllowersTestTests;
				PRODUCT_NAME = "$(TARGET_NAME)";
				SWIFT_VERSION = 5.0;
				TARGETED_DEVICE_FAMILY = "1,2";
				TEST_HOST = "$(BUILT_PRODUCTS_DIR)/followingfllowersTest.app/followingfllowersTest";
			};
			name = Debug;
		};
		73B7217426EB1F5F00D874F7 /* Release */ = {
			isa = XCBuildConfiguration;
			baseConfigurationReference = 43E154D37B1BE1EA673D0118 /* Pods-followingfllowersTestTests.release.xcconfig */;
			buildSettings = {
				ALWAYS_EMBED_SWIFT_STANDARD_LIBRARIES = YES;
				BUNDLE_LOADER = "$(TEST_HOST)";
				CODE_SIGN_STYLE = Automatic;
				DEVELOPMENT_TEAM = VNAV5S2KU6;
				INFOPLIST_FILE = followingfllowersTestTests/Info.plist;
				IPHONEOS_DEPLOYMENT_TARGET = 14.5;
				LD_RUNPATH_SEARCH_PATHS = (
					"$(inherited)",
					"@executable_path/Frameworks",
					"@loader_path/Frameworks",
				);
				PRODUCT_BUNDLE_IDENTIFIER = kazuyasasakura.followingfllowersTestTests;
				PRODUCT_NAME = "$(TARGET_NAME)";
				SWIFT_VERSION = 5.0;
				TARGETED_DEVICE_FAMILY = "1,2";
				TEST_HOST = "$(BUILT_PRODUCTS_DIR)/followingfllowersTest.app/followingfllowersTest";
			};
			name = Release;
		};
		73B7217626EB1F5F00D874F7 /* Debug */ = {
			isa = XCBuildConfiguration;
			baseConfigurationReference = 38C45DE66965B0023AA5401F /* Pods-followingfllowersTest-followingfllowersTestUITests.debug.xcconfig */;
			buildSettings = {
				ALWAYS_EMBED_SWIFT_STANDARD_LIBRARIES = YES;
				CODE_SIGN_STYLE = Automatic;
				DEVELOPMENT_TEAM = VNAV5S2KU6;
				INFOPLIST_FILE = followingfllowersTestUITests/Info.plist;
				LD_RUNPATH_SEARCH_PATHS = (
					"$(inherited)",
					"@executable_path/Frameworks",
					"@loader_path/Frameworks",
				);
				PRODUCT_BUNDLE_IDENTIFIER = kazuyasasakura.followingfllowersTestUITests;
				PRODUCT_NAME = "$(TARGET_NAME)";
				SWIFT_VERSION = 5.0;
				TARGETED_DEVICE_FAMILY = "1,2";
				TEST_TARGET_NAME = followingfllowersTest;
			};
			name = Debug;
		};
		73B7217726EB1F5F00D874F7 /* Release */ = {
			isa = XCBuildConfiguration;
			baseConfigurationReference = DEB59C562D7B8C76266A1CA1 /* Pods-followingfllowersTest-followingfllowersTestUITests.release.xcconfig */;
			buildSettings = {
				ALWAYS_EMBED_SWIFT_STANDARD_LIBRARIES = YES;
				CODE_SIGN_STYLE = Automatic;
				DEVELOPMENT_TEAM = VNAV5S2KU6;
				INFOPLIST_FILE = followingfllowersTestUITests/Info.plist;
				LD_RUNPATH_SEARCH_PATHS = (
					"$(inherited)",
					"@executable_path/Frameworks",
					"@loader_path/Frameworks",
				);
				PRODUCT_BUNDLE_IDENTIFIER = kazuyasasakura.followingfllowersTestUITests;
				PRODUCT_NAME = "$(TARGET_NAME)";
				SWIFT_VERSION = 5.0;
				TARGETED_DEVICE_FAMILY = "1,2";
				TEST_TARGET_NAME = followingfllowersTest;
			};
			name = Release;
		};
/* End XCBuildConfiguration section */

/* Begin XCConfigurationList section */
		73B7214026EB1F5D00D874F7 /* Build configuration list for PBXProject "followingfllowersTest" */ = {
			isa = XCConfigurationList;
			buildConfigurations = (
				73B7216D26EB1F5F00D874F7 /* Debug */,
				73B7216E26EB1F5F00D874F7 /* Release */,
			);
			defaultConfigurationIsVisible = 0;
			defaultConfigurationName = Release;
		};
		73B7216F26EB1F5F00D874F7 /* Build configuration list for PBXNativeTarget "followingfllowersTest" */ = {
			isa = XCConfigurationList;
			buildConfigurations = (
				73B7217026EB1F5F00D874F7 /* Debug */,
				73B7217126EB1F5F00D874F7 /* Release */,
			);
			defaultConfigurationIsVisible = 0;
			defaultConfigurationName = Release;
		};
		73B7217226EB1F5F00D874F7 /* Build configuration list for PBXNativeTarget "followingfllowersTestTests" */ = {
			isa = XCConfigurationList;
			buildConfigurations = (
				73B7217326EB1F5F00D874F7 /* Debug */,
				73B7217426EB1F5F00D874F7 /* Release */,
			);
			defaultConfigurationIsVisible = 0;
			defaultConfigurationName = Release;
		};
		73B7217526EB1F5F00D874F7 /* Build configuration list for PBXNativeTarget "followingfllowersTestUITests" */ = {
			isa = XCConfigurationList;
			buildConfigurations = (
				73B7217626EB1F5F00D874F7 /* Debug */,
				73B7217726EB1F5F00D874F7 /* Release */,
			);
			defaultConfigurationIsVisible = 0;
			defaultConfigurationName = Release;
		};
/* End XCConfigurationList section */
	};
	rootObject = 73B7213D26EB1F5D00D874F7 /* Project object */;
}
